
Microsoft Visual Studio Solution File, Format Version 12.00
# Visual Studio 2012
Project("{FAE04EC0-301F-11D3-BF4B-00C04F79EFBC}") = "SweetFly.Portal", "SweetFly.Portal\SweetFly.Portal.csproj", "{4660D33A-E6D5-4332-8E2A-86F28C1ECB57}"
EndProject
Project("{FAE04EC0-301F-11D3-BF4B-00C04F79EFBC}") = "SweetFly.Utility", "SweetFly.Utility\SweetFly.Utility.csproj", "{4C460F43-7D8E-4C76-BE64-90617E320EA2}"
EndProject
Project("{FAE04EC0-301F-11D3-BF4B-00C04F79EFBC}") = "SweetFly.Model", "SweetFly.Model\SweetFly.Model.csproj", "{9D61EA99-0363-4D7A-9C02-E369C91BA18C}"
EndProject
Project("{FAE04EC0-301F-11D3-BF4B-00C04F79EFBC}") = "SweetFly.Repository", "SweetFly.Repository\SweetFly.Repository.csproj", "{C466FAEF-5164-4295-9022-E2241F026E09}"
EndProject
Project("{FAE04EC0-301F-11D3-BF4B-00C04F79EFBC}") = "SweetFly.BusinessLogic", "SweetFly.BusinessLogic\SweetFly.BusinessLogic.csproj", "{1AD28217-7C3F-4CE9-ADEC-3AAD8AFA2319}"
EndProject
Project("{2150E333-8FDC-42A3-9474-1A3956D46DE8}") = "UI", "UI", "{232A17BB-9F8B-4F80-ACC3-3F5DA285C113}"
EndProject
Project("{FAE04EC0-301F-11D3-BF4B-00C04F79EFBC}") = "SweetFly.Controllers", "SweetFly.Controllers\SweetFly.Controllers.csproj", "{B9542AC7-CD07-47E8-89C6-F53504FED13B}"
EndProject
Project("{FAE04EC0-301F-11D3-BF4B-00C04F79EFBC}") = "SweetFly.ApiControllers", "SweetFly.ApiControllers\SweetFly.ApiControllers.csproj", "{C9B7D676-D750-4A47-8A5E-E4D3DFFC45F8}"
EndProject
Project("{FAE04EC0-301F-11D3-BF4B-00C04F79EFBC}") = "SweetFly.Infrastructure", "SweetFly.Infrastructure\SweetFly.Infrastructure.csproj", "{DD5CAA80-C093-43DC-BE4E-3D203A998211}"
EndProject
Project("{FAE04EC0-301F-11D3-BF4B-00C04F79EFBC}") = "SweetFly.Interceptors", "SweetFly.Interceptors\SweetFly.Interceptors.csproj", "{F8D04466-B485-4BD0-B8E1-7EB5203A03E5}"
EndProject
Project("{FAE04EC0-301F-11D3-BF4B-00C04F79EFBC}") = "SweetFly.Admin", "SweetFly.Admin\SweetFly.Admin.csproj", "{38F7AB94-9507-4426-9755-993D3AFDD9B3}"
EndProject
Project("{FAE04EC0-301F-11D3-BF4B-00C04F79EFBC}") = "SweetFly.Admin.Controllers", "SweetFly.Admin.Controllers\SweetFly.Admin.Controllers.csproj", "{19BF20D5-BCE5-43D7-9476-7D1B707ECB26}"
EndProject
Project("{FAE04EC0-301F-11D3-BF4B-00C04F79EFBC}") = "SweetFly.ConsoleTest", "SweetFly.ConsoleTest\SweetFly.ConsoleTest.csproj", "{6042A212-5B12-4308-90C5-00F57953377D}"
EndProject
Project("{FAE04EC0-301F-11D3-BF4B-00C04F79EFBC}") = "SweetFly.Job", "SweetFly.Job\SweetFly.Job.csproj", "{A28B495B-4C3C-4563-A682-5E286436A749}"
EndProject
Project("{2150E333-8FDC-42A3-9474-1A3956D46DE8}") = "Test", "Test", "{02E04D56-65CC-4150-8AA6-273504DE4A92}"
EndProject
Project("{2150E333-8FDC-42A3-9474-1A3956D46DE8}") = "Design", "Design", "{A1DF7574-852D-420C-9D51-F077E0880C15}"
EndProject
Project("{F088123C-0E9E-452A-89E6-6BA2F21D5CAC}") = "Sweet.Design", "Sweet.Design\Sweet.Design.modelproj", "{A9B60FA7-0F8E-4AFF-8511-A6DEBEED9E49}"
EndProject
Project("{FAE04EC0-301F-11D3-BF4B-00C04F79EFBC}") = "Sweet.DesignLib", "Sweet.DesignLib\Sweet.DesignLib.csproj", "{CB9D3CE1-08C9-4557-BE63-9660689C7C31}"
EndProject
Project("{FAE04EC0-301F-11D3-BF4B-00C04F79EFBC}") = "SweetFly.UnitTest", "SweetFly.UnitTest\SweetFly.UnitTest.csproj", "{28B6B591-257B-4848-AA82-D13C7E3FA32F}"
EndProject
Project("{2150E333-8FDC-42A3-9474-1A3956D46DE8}") = "GuiTools", "GuiTools", "{E802B84E-87AF-40BE-9B8B-7F0F72E3EE26}"
EndProject
Project("{FAE04EC0-301F-11D3-BF4B-00C04F79EFBC}") = "Sweet.Cmr.GenerateXml", "Sweet.Cmr.GenerateXml\Sweet.Cmr.GenerateXml.csproj", "{965559A3-4318-45B7-B8D3-7242DBF63361}"
EndProject
Project("{FAE04EC0-301F-11D3-BF4B-00C04F79EFBC}") = "SweetFly.Host", "SweetFly.Host\SweetFly.Host.csproj", "{F56B74AF-8B54-4423-BF1E-A9426D84C7B7}"
EndProject
Project("{FAE04EC0-301F-11D3-BF4B-00C04F79EFBC}") = "SweetFly.UserCracker", "SweetFly.UserCracker\SweetFly.UserCracker.csproj", "{1588A88F-186F-4516-95B5-2FD31D79FE6E}"
EndProject
Global
	GlobalSection(SolutionConfigurationPlatforms) = preSolution
		Debug|Any CPU = Debug|Any CPU
		Release|Any CPU = Release|Any CPU
	EndGlobalSection
	GlobalSection(ProjectConfigurationPlatforms) = postSolution
		{4660D33A-E6D5-4332-8E2A-86F28C1ECB57}.Debug|Any CPU.ActiveCfg = Debug|Any CPU
		{4660D33A-E6D5-4332-8E2A-86F28C1ECB57}.Debug|Any CPU.Build.0 = Debug|Any CPU
		{4660D33A-E6D5-4332-8E2A-86F28C1ECB57}.Release|Any CPU.ActiveCfg = Release|Any CPU
		{4660D33A-E6D5-4332-8E2A-86F28C1ECB57}.Release|Any CPU.Build.0 = Release|Any CPU
		{4C460F43-7D8E-4C76-BE64-90617E320EA2}.Debug|Any CPU.ActiveCfg = Debug|Any CPU
		{4C460F43-7D8E-4C76-BE64-90617E320EA2}.Debug|Any CPU.Build.0 = Debug|Any CPU
		{4C460F43-7D8E-4C76-BE64-90617E320EA2}.Release|Any CPU.ActiveCfg = Release|Any CPU
		{4C460F43-7D8E-4C76-BE64-90617E320EA2}.Release|Any CPU.Build.0 = Release|Any CPU
		{9D61EA99-0363-4D7A-9C02-E369C91BA18C}.Debug|Any CPU.ActiveCfg = Debug|Any CPU
		{9D61EA99-0363-4D7A-9C02-E369C91BA18C}.Debug|Any CPU.Build.0 = Debug|Any CPU
		{9D61EA99-0363-4D7A-9C02-E369C91BA18C}.Release|Any CPU.ActiveCfg = Release|Any CPU
		{9D61EA99-0363-4D7A-9C02-E369C91BA18C}.Release|Any CPU.Build.0 = Release|Any CPU
		{C466FAEF-5164-4295-9022-E2241F026E09}.Debug|Any CPU.ActiveCfg = Debug|Any CPU
		{C466FAEF-5164-4295-9022-E2241F026E09}.Debug|Any CPU.Build.0 = Debug|Any CPU
		{C466FAEF-5164-4295-9022-E2241F026E09}.Release|Any CPU.ActiveCfg = Release|Any CPU
		{C466FAEF-5164-4295-9022-E2241F026E09}.Release|Any CPU.Build.0 = Release|Any CPU
		{1AD28217-7C3F-4CE9-ADEC-3AAD8AFA2319}.Debug|Any CPU.ActiveCfg = Debug|Any CPU
		{1AD28217-7C3F-4CE9-ADEC-3AAD8AFA2319}.Debug|Any CPU.Build.0 = Debug|Any CPU
		{1AD28217-7C3F-4CE9-ADEC-3AAD8AFA2319}.Release|Any CPU.ActiveCfg = Release|Any CPU
		{1AD28217-7C3F-4CE9-ADEC-3AAD8AFA2319}.Release|Any CPU.Build.0 = Release|Any CPU
		{B9542AC7-CD07-47E8-89C6-F53504FED13B}.Debug|Any CPU.ActiveCfg = Debug|Any CPU
		{B9542AC7-CD07-47E8-89C6-F53504FED13B}.Debug|Any CPU.Build.0 = Debug|Any CPU
		{B9542AC7-CD07-47E8-89C6-F53504FED13B}.Release|Any CPU.ActiveCfg = Release|Any CPU
		{B9542AC7-CD07-47E8-89C6-F53504FED13B}.Release|Any CPU.Build.0 = Release|Any CPU
		{C9B7D676-D750-4A47-8A5E-E4D3DFFC45F8}.Debug|Any CPU.ActiveCfg = Debug|Any CPU
		{C9B7D676-D750-4A47-8A5E-E4D3DFFC45F8}.Debug|Any CPU.Build.0 = Debug|Any CPU
		{C9B7D676-D750-4A47-8A5E-E4D3DFFC45F8}.Release|Any CPU.ActiveCfg = Release|Any CPU
		{C9B7D676-D750-4A47-8A5E-E4D3DFFC45F8}.Release|Any CPU.Build.0 = Release|Any CPU
		{DD5CAA80-C093-43DC-BE4E-3D203A998211}.Debug|Any CPU.ActiveCfg = Debug|Any CPU
		{DD5CAA80-C093-43DC-BE4E-3D203A998211}.Debug|Any CPU.Build.0 = Debug|Any CPU
		{DD5CAA80-C093-43DC-BE4E-3D203A998211}.Release|Any CPU.ActiveCfg = Release|Any CPU
		{DD5CAA80-C093-43DC-BE4E-3D203A998211}.Release|Any CPU.Build.0 = Release|Any CPU
		{F8D04466-B485-4BD0-B8E1-7EB5203A03E5}.Debug|Any CPU.ActiveCfg = Debug|Any CPU
		{F8D04466-B485-4BD0-B8E1-7EB5203A03E5}.Debug|Any CPU.Build.0 = Debug|Any CPU
		{F8D04466-B485-4BD0-B8E1-7EB5203A03E5}.Release|Any CPU.ActiveCfg = Release|Any CPU
		{F8D04466-B485-4BD0-B8E1-7EB5203A03E5}.Release|Any CPU.Build.0 = Release|Any CPU
		{38F7AB94-9507-4426-9755-993D3AFDD9B3}.Debug|Any CPU.ActiveCfg = Debug|Any CPU
		{38F7AB94-9507-4426-9755-993D3AFDD9B3}.Debug|Any CPU.Build.0 = Debug|Any CPU
		{38F7AB94-9507-4426-9755-993D3AFDD9B3}.Release|Any CPU.ActiveCfg = Release|Any CPU
		{38F7AB94-9507-4426-9755-993D3AFDD9B3}.Release|Any CPU.Build.0 = Release|Any CPU
		{19BF20D5-BCE5-43D7-9476-7D1B707ECB26}.Debug|Any CPU.ActiveCfg = Debug|Any CPU
		{19BF20D5-BCE5-43D7-9476-7D1B707ECB26}.Debug|Any CPU.Build.0 = Debug|Any CPU
		{19BF20D5-BCE5-43D7-9476-7D1B707ECB26}.Release|Any CPU.ActiveCfg = Release|Any CPU
		{19BF20D5-BCE5-43D7-9476-7D1B707ECB26}.Release|Any CPU.Build.0 = Release|Any CPU
		{6042A212-5B12-4308-90C5-00F57953377D}.Debug|Any CPU.ActiveCfg = Debug|Any CPU
		{6042A212-5B12-4308-90C5-00F57953377D}.Debug|Any CPU.Build.0 = Debug|Any CPU
		{6042A212-5B12-4308-90C5-00F57953377D}.Release|Any CPU.ActiveCfg = Release|Any CPU
		{6042A212-5B12-4308-90C5-00F57953377D}.Release|Any CPU.Build.0 = Release|Any CPU
		{A28B495B-4C3C-4563-A682-5E286436A749}.Debug|Any CPU.ActiveCfg = Debug|Any CPU
		{A28B495B-4C3C-4563-A682-5E286436A749}.Debug|Any CPU.Build.0 = Debug|Any CPU
		{A28B495B-4C3C-4563-A682-5E286436A749}.Release|Any CPU.ActiveCfg = Release|Any CPU
		{A28B495B-4C3C-4563-A682-5E286436A749}.Release|Any CPU.Build.0 = Release|Any CPU
		{A9B60FA7-0F8E-4AFF-8511-A6DEBEED9E49}.Debug|Any CPU.ActiveCfg = Debug|Any CPU
		{A9B60FA7-0F8E-4AFF-8511-A6DEBEED9E49}.Debug|Any CPU.Build.0 = Debug|Any CPU
		{A9B60FA7-0F8E-4AFF-8511-A6DEBEED9E49}.Release|Any CPU.ActiveCfg = Release|Any CPU
		{A9B60FA7-0F8E-4AFF-8511-A6DEBEED9E49}.Release|Any CPU.Build.0 = Release|Any CPU
		{CB9D3CE1-08C9-4557-BE63-9660689C7C31}.Debug|Any CPU.ActiveCfg = Debug|Any CPU
		{CB9D3CE1-08C9-4557-BE63-9660689C7C31}.Debug|Any CPU.Build.0 = Debug|Any CPU
		{CB9D3CE1-08C9-4557-BE63-9660689C7C31}.Release|Any CPU.ActiveCfg = Release|Any CPU
		{CB9D3CE1-08C9-4557-BE63-9660689C7C31}.Release|Any CPU.Build.0 = Release|Any CPU
		{28B6B591-257B-4848-AA82-D13C7E3FA32F}.Debug|Any CPU.ActiveCfg = Debug|Any CPU
		{28B6B591-257B-4848-AA82-D13C7E3FA32F}.Debug|Any CPU.Build.0 = Debug|Any CPU
		{28B6B591-257B-4848-AA82-D13C7E3FA32F}.Release|Any CPU.ActiveCfg = Release|Any CPU
		{28B6B591-257B-4848-AA82-D13C7E3FA32F}.Release|Any CPU.Build.0 = Release|Any CPU
		{965559A3-4318-45B7-B8D3-7242DBF63361}.Debug|Any CPU.ActiveCfg = Debug|Any CPU
		{965559A3-4318-45B7-B8D3-7242DBF63361}.Debug|Any CPU.Build.0 = Debug|Any CPU
		{965559A3-4318-45B7-B8D3-7242DBF63361}.Release|Any CPU.ActiveCfg = Release|Any CPU
		{965559A3-4318-45B7-B8D3-7242DBF63361}.Release|Any CPU.Build.0 = Release|Any CPU
		{F56B74AF-8B54-4423-BF1E-A9426D84C7B7}.Debug|Any CPU.ActiveCfg = Debug|Any CPU
		{F56B74AF-8B54-4423-BF1E-A9426D84C7B7}.Debug|Any CPU.Build.0 = Debug|Any CPU
		{F56B74AF-8B54-4423-BF1E-A9426D84C7B7}.Release|Any CPU.ActiveCfg = Release|Any CPU
		{F56B74AF-8B54-4423-BF1E-A9426D84C7B7}.Release|Any CPU.Build.0 = Release|Any CPU
		{1588A88F-186F-4516-95B5-2FD31D79FE6E}.Debug|Any CPU.ActiveCfg = Debug|Any CPU
		{1588A88F-186F-4516-95B5-2FD31D79FE6E}.Debug|Any CPU.Build.0 = Debug|Any CPU
		{1588A88F-186F-4516-95B5-2FD31D79FE6E}.Release|Any CPU.ActiveCfg = Release|Any CPU
		{1588A88F-186F-4516-95B5-2FD31D79FE6E}.Release|Any CPU.Build.0 = Release|Any CPU
	EndGlobalSection
	GlobalSection(SolutionProperties) = preSolution
		HideSolutionNode = FALSE
	EndGlobalSection
	GlobalSection(NestedProjects) = preSolution
		{4660D33A-E6D5-4332-8E2A-86F28C1ECB57} = {232A17BB-9F8B-4F80-ACC3-3F5DA285C113}
		{38F7AB94-9507-4426-9755-993D3AFDD9B3} = {232A17BB-9F8B-4F80-ACC3-3F5DA285C113}
		{6042A212-5B12-4308-90C5-00F57953377D} = {02E04D56-65CC-4150-8AA6-273504DE4A92}
		{28B6B591-257B-4848-AA82-D13C7E3FA32F} = {02E04D56-65CC-4150-8AA6-273504DE4A92}
		{A9B60FA7-0F8E-4AFF-8511-A6DEBEED9E49} = {A1DF7574-852D-420C-9D51-F077E0880C15}
		{CB9D3CE1-08C9-4557-BE63-9660689C7C31} = {A1DF7574-852D-420C-9D51-F077E0880C15}
		{965559A3-4318-45B7-B8D3-7242DBF63361} = {E802B84E-87AF-40BE-9B8B-7F0F72E3EE26}
		{F56B74AF-8B54-4423-BF1E-A9426D84C7B7} = {E802B84E-87AF-40BE-9B8B-7F0F72E3EE26}
		{1588A88F-186F-4516-95B5-2FD31D79FE6E} = {E802B84E-87AF-40BE-9B8B-7F0F72E3EE26}
	EndGlobalSection
EndGlobal
